{
  "name": "temple",
  "version": "1.0.0",
  "lockfileVersion": 1,
  "requires": true,
  "dependencies": {
    "@mdi/font": {
      "version": "2.8.94",
      "resolved": "https://registry.npmjs.org/@mdi/font/-/font-2.8.94.tgz",
      "integrity": "sha512-QSmuK0BedRMDSgh7RCOc0yO+cAHAaAKfj11BPv0XDxvGKNNKGRqDJcJKdrWUpVmO1/xiFLWfPEmqMi/PKwvjcg=="
    },
    "instafeed.js": {
      "version": "1.4.1",
      "resolved": "https://registry.npmjs.org/instafeed.js/-/instafeed.js-1.4.1.tgz",
      "integrity": "sha1-wp15FFY8EXIrNs2SGpHeJSH5zao="
    },
    "ityped": {
      "version": "1.0.3",
      "resolved": "https://registry.npmjs.org/ityped/-/ityped-1.0.3.tgz",
      "integrity": "sha512-46Qnh3qs+6EJlWDHmvWRW6qiz5jFy2mkh9UvtTvQmLJMZIjKrdz4du68le7hLX4tAWCp6QTKiq/OuLv6huHxZg=="
    },
    "jquery": {
      "version": "3.3.1",
      "resolved": "https://registry.npmjs.org/jquery/-/jquery-3.3.1.tgz",
      "integrity": "sha512-Ubldcmxp5np52/ENotGxlLe6aGMvmF4R8S6tZjsP6Knsaxd/xp3Zrh50cG93lR6nPXyUFwzN3ZSOQI0wRJNdGg=="
    },
    "nanogallery2": {
      "version": "2.3.0",
      "resolved": "https://registry.npmjs.org/nanogallery2/-/nanogallery2-2.3.0.tgz",
      "integrity": "sha512-XFkzHNIM2DFTRhBFs59E8KxJNYtZ4V4SQZqXEfFaxogs+dajr1WaxTbiSPVeXgzhX1jf2X8nnnuAmWYQFtluXA==",
      "requires": {
        "jquery": "3.3.1"
      }
    }
  }
}
